// !$*UTF8*$!
{
	archiveVersion = 1;
	classes = {
	};
	objectVersion = 56;
	objects = {

/* Begin PBXBuildFile section */
		039F99D22A4C869A0077A805 /* AppDelegate.swift in Sources */ = {isa = PBXBuildFile; fileRef = 039F99D12A4C869A0077A805 /* AppDelegate.swift */; };
		039F99D42A4C869A0077A805 /* SceneDelegate.swift in Sources */ = {isa = PBXBuildFile; fileRef = 039F99D32A4C869A0077A805 /* SceneDelegate.swift */; };
		039F99D62A4C869A0077A805 /* ViewController.swift in Sources */ = {isa = PBXBuildFile; fileRef = 039F99D52A4C869A0077A805 /* ViewController.swift */; };
		039F99D92A4C869A0077A805 /* Main.storyboard in Resources */ = {isa = PBXBuildFile; fileRef = 039F99D72A4C869A0077A805 /* Main.storyboard */; };
		039F99DB2A4C869B0077A805 /* Assets.xcassets in Resources */ = {isa = PBXBuildFile; fileRef = 039F99DA2A4C869B0077A805 /* Assets.xcassets */; };
		039F99DE2A4C869B0077A805 /* LaunchScreen.storyboard in Resources */ = {isa = PBXBuildFile; fileRef = 039F99DC2A4C869B0077A805 /* LaunchScreen.storyboard */; };
		039F99E92A4C869C0077A805 /* Rick_MortyTestTests.swift in Sources */ = {isa = PBXBuildFile; fileRef = 039F99E82A4C869C0077A805 /* Rick_MortyTestTests.swift */; };
		039F99F32A4C869C0077A805 /* Rick_MortyTestUITests.swift in Sources */ = {isa = PBXBuildFile; fileRef = 039F99F22A4C869C0077A805 /* Rick_MortyTestUITests.swift */; };
		039F99F52A4C869C0077A805 /* Rick_MortyTestUITestsLaunchTests.swift in Sources */ = {isa = PBXBuildFile; fileRef = 039F99F42A4C869C0077A805 /* Rick_MortyTestUITestsLaunchTests.swift */; };
/* End PBXBuildFile section */

/* Begin PBXContainerItemProxy section */
		039F99E52A4C869C0077A805 /* PBXContainerItemProxy */ = {
			isa = PBXContainerItemProxy;
			containerPortal = 039F99C62A4C869A0077A805 /* Project object */;
			proxyType = 1;
			remoteGlobalIDString = 039F99CD2A4C869A0077A805;
			remoteInfo = "Rick&MortyTest";
		};
		039F99EF2A4C869C0077A805 /* PBXContainerItemProxy */ = {
			isa = PBXContainerItemProxy;
			containerPortal = 039F99C62A4C869A0077A805 /* Project object */;
			proxyType = 1;
			remoteGlobalIDString = 039F99CD2A4C869A0077A805;
			remoteInfo = "Rick&MortyTest";
		};
/* End PBXContainerItemProxy section */

/* Begin PBXFileReference section */
		039F99CE2A4C869A0077A805 /* Rick&MortyTest.app */ = {isa = PBXFileReference; explicitFileType = wrapper.application; includeInIndex = 0; path = "Rick&MortyTest.app"; sourceTree = BUILT_PRODUCTS_DIR; };
		039F99D12A4C869A0077A805 /* AppDelegate.swift */ = {isa = PBXFileReference; lastKnownFileType = sourcecode.swift; path = AppDelegate.swift; sourceTree = "<group>"; };
		039F99D32A4C869A0077A805 /* SceneDelegate.swift */ = {isa = PBXFileReference; lastKnownFileType = sourcecode.swift; path = SceneDelegate.swift; sourceTree = "<group>"; };
		039F99D52A4C869A0077A805 /* ViewController.swift */ = {isa = PBXFileReference; lastKnownFileType = sourcecode.swift; path = ViewController.swift; sourceTree = "<group>"; };
		039F99D82A4C869A0077A805 /* Base */ = {isa = PBXFileReference; lastKnownFileType = file.storyboard; name = Base; path = Base.lproj/Main.storyboard; sourceTree = "<group>"; };
		039F99DA2A4C869B0077A805 /* Assets.xcassets */ = {isa = PBXFileReference; lastKnownFileType = folder.assetcatalog; path = Assets.xcassets; sourceTree = "<group>"; };
		039F99DD2A4C869B0077A805 /* Base */ = {isa = PBXFileReference; lastKnownFileType = file.storyboard; name = Base; path = Base.lproj/LaunchScreen.storyboard; sourceTree = "<group>"; };
		039F99DF2A4C869B0077A805 /* Info.plist */ = {isa = PBXFileReference; lastKnownFileType = text.plist.xml; path = Info.plist; sourceTree = "<group>"; };
		039F99E42A4C869C0077A805 /* Rick&MortyTestTests.xctest */ = {isa = PBXFileReference; explicitFileType = wrapper.cfbundle; includeInIndex = 0; path = "Rick&MortyTestTests.xctest"; sourceTree = BUILT_PRODUCTS_DIR; };
		039F99E82A4C869C0077A805 /* Rick_MortyTestTests.swift */ = {isa = PBXFileReference; lastKnownFileType = sourcecode.swift; path = Rick_MortyTestTests.swift; sourceTree = "<group>"; };
		039F99EE2A4C869C0077A805 /* Rick&MortyTestUITests.xctest */ = {isa = PBXFileReference; explicitFileType = wrapper.cfbundle; includeInIndex = 0; path = "Rick&MortyTestUITests.xctest"; sourceTree = BUILT_PRODUCTS_DIR; };
		039F99F22A4C869C0077A805 /* Rick_MortyTestUITests.swift */ = {isa = PBXFileReference; lastKnownFileType = sourcecode.swift; path = Rick_MortyTestUITests.swift; sourceTree = "<group>"; };
		039F99F42A4C869C0077A805 /* Rick_MortyTestUITestsLaunchTests.swift */ = {isa = PBXFileReference; lastKnownFileType = sourcecode.swift; path = Rick_MortyTestUITestsLaunchTests.swift; sourceTree = "<group>"; };
/* End PBXFileReference section */

/* Begin PBXFrameworksBuildPhase section */
		039F99CB2A4C869A0077A805 /* Frameworks */ = {
			isa = PBXFrameworksBuildPhase;
			buildActionMask = 2147483647;
			files = (
			);
			runOnlyForDeploymentPostprocessing = 0;
		};
		039F99E12A4C869C0077A805 /* Frameworks */ = {
			isa = PBXFrameworksBuildPhase;
			buildActionMask = 2147483647;
			files = (
			);
			runOnlyForDeploymentPostprocessing = 0;
		};
		039F99EB2A4C869C0077A805 /* Frameworks */ = {
			isa = PBXFrameworksBuildPhase;
			buildActionMask = 2147483647;
			files = (
			);
			runOnlyForDeploymentPostprocessing = 0;
		};
/* End PBXFrameworksBuildPhase section */

/* Begin PBXGroup section */
		039F99C52A4C869A0077A805 = {
			isa = PBXGroup;
			children = (
				039F99D02A4C869A0077A805 /* Rick&MortyTest */,
				039F99E72A4C869C0077A805 /* Rick&MortyTestTests */,
				039F99F12A4C869C0077A805 /* Rick&MortyTestUITests */,
				039F99CF2A4C869A0077A805 /* Products */,
			);
			sourceTree = "<group>";
		};
		039F99CF2A4C869A0077A805 /* Products */ = {
			isa = PBXGroup;
			children = (
				039F99CE2A4C869A0077A805 /* Rick&MortyTest.app */,
				039F99E42A4C869C0077A805 /* Rick&MortyTestTests.xctest */,
				039F99EE2A4C869C0077A805 /* Rick&MortyTestUITests.xctest */,
			);
			name = Products;
			sourceTree = "<group>";
		};
		039F99D02A4C869A0077A805 /* Rick&MortyTest */ = {
			isa = PBXGroup;
			children = (
				039F99D12A4C869A0077A805 /* AppDelegate.swift */,
				039F99D32A4C869A0077A805 /* SceneDelegate.swift */,
				039F99D52A4C869A0077A805 /* ViewController.swift */,
				039F99D72A4C869A0077A805 /* Main.storyboard */,
				039F99DA2A4C869B0077A805 /* Assets.xcassets */,
				039F99DC2A4C869B0077A805 /* LaunchScreen.storyboard */,
				039F99DF2A4C869B0077A805 /* Info.plist */,
			);
			path = "Rick&MortyTest";
			sourceTree = "<group>";
		};
		039F99E72A4C869C0077A805 /* Rick&MortyTestTests */ = {
			isa = PBXGroup;
			children = (
				039F99E82A4C869C0077A805 /* Rick_MortyTestTests.swift */,
			);
			path = "Rick&MortyTestTests";
			sourceTree = "<group>";
		};
		039F99F12A4C869C0077A805 /* Rick&MortyTestUITests */ = {
			isa = PBXGroup;
			children = (
				039F99F22A4C869C0077A805 /* Rick_MortyTestUITests.swift */,
				039F99F42A4C869C0077A805 /* Rick_MortyTestUITestsLaunchTests.swift */,
			);
			path = "Rick&MortyTestUITests";
			sourceTree = "<group>";
		};
/* End PBXGroup section */

/* Begin PBXNativeTarget section */
		039F99CD2A4C869A0077A805 /* Rick&MortyTest */ = {
			isa = PBXNativeTarget;
			buildConfigurationList = 039F99F82A4C869C0077A805 /* Build configuration list for PBXNativeTarget "Rick&MortyTest" */;
			buildPhases = (
				039F99CA2A4C869A0077A805 /* Sources */,
				039F99CB2A4C869A0077A805 /* Frameworks */,
				039F99CC2A4C869A0077A805 /* Resources */,
			);
			buildRules = (
			);
			dependencies = (
			);
			name = "Rick&MortyTest";
			productName = "Rick&MortyTest";
			productReference = 039F99CE2A4C869A0077A805 /* Rick&MortyTest.app */;
			productType = "com.apple.product-type.application";
		};
		039F99E32A4C869C0077A805 /* Rick&MortyTestTests */ = {
			isa = PBXNativeTarget;
			buildConfigurationList = 039F99FB2A4C869C0077A805 /* Build configuration list for PBXNativeTarget "Rick&MortyTestTests" */;
			buildPhases = (
				039F99E02A4C869C0077A805 /* Sources */,
				039F99E12A4C869C0077A805 /* Frameworks */,
				039F99E22A4C869C0077A805 /* Resources */,
			);
			buildRules = (
			);
			dependencies = (
				039F99E62A4C869C0077A805 /* PBXTargetDependency */,
			);
			name = "Rick&MortyTestTests";
			productName = "Rick&MortyTestTests";
			productReference = 039F99E42A4C869C0077A805 /* Rick&MortyTestTests.xctest */;
			productType = "com.apple.product-type.bundle.unit-test";
		};
		039F99ED2A4C869C0077A805 /* Rick&MortyTestUITests */ = {
			isa = PBXNativeTarget;
			buildConfigurationList = 039F99FE2A4C869C0077A805 /* Build configuration list for PBXNativeTarget "Rick&MortyTestUITests" */;
			buildPhases = (
				039F99EA2A4C869C0077A805 /* Sources */,
				039F99EB2A4C869C0077A805 /* Frameworks */,
				039F99EC2A4C869C0077A805 /* Resources */,
			);
			buildRules = (
			);
			dependencies = (
				039F99F02A4C869C0077A805 /* PBXTargetDependency */,
			);
			name = "Rick&MortyTestUITests";
			productName = "Rick&MortyTestUITests";
			productReference = 039F99EE2A4C869C0077A805 /* Rick&MortyTestUITests.xctest */;
			productType = "com.apple.product-type.bundle.ui-testing";
		};
/* End PBXNativeTarget section */

/* Begin PBXProject section */
		039F99C62A4C869A0077A805 /* Project object */ = {
			isa = PBXProject;
			attributes = {
				BuildIndependentTargetsInParallel = 1;
				LastSwiftUpdateCheck = 1420;
				LastUpgradeCheck = 1420;
				TargetAttributes = {
					039F99CD2A4C869A0077A805 = {
						CreatedOnToolsVersion = 14.2;
					};
					039F99E32A4C869C0077A805 = {
						CreatedOnToolsVersion = 14.2;
						TestTargetID = 039F99CD2A4C869A0077A805;
					};
					039F99ED2A4C869C0077A805 = {
						CreatedOnToolsVersion = 14.2;
						TestTargetID = 039F99CD2A4C869A0077A805;
					};
				};
			};
			buildConfigurationList = 039F99C92A4C869A0077A805 /* Build configuration list for PBXProject "Rick&MortyTest" */;
			compatibilityVersion = "Xcode 14.0";
			developmentRegion = en;
			hasScannedForEncodings = 0;
			knownRegions = (
				en,
				Base,
			);
			mainGroup = 039F99C52A4C869A0077A805;
			productRefGroup = 039F99CF2A4C869A0077A805 /* Products */;
			projectDirPath = "";
			projectRoot = "";
			targets = (
				039F99CD2A4C869A0077A805 /* Rick&MortyTest */,
				039F99E32A4C869C0077A805 /* Rick&MortyTestTests */,
				039F99ED2A4C869C0077A805 /* Rick&MortyTestUITests */,
			);
		};
/* End PBXProject section */

/* Begin PBXResourcesBuildPhase section */
		039F99CC2A4C869A0077A805 /* Resources */ = {
			isa = PBXResourcesBuildPhase;
			buildActionMask = 2147483647;
			files = (
				039F99DE2A4C869B0077A805 /* LaunchScreen.storyboard in Resources */,
				039F99DB2A4C869B0077A805 /* Assets.xcassets in Resources */,
				039F99D92A4C869A0077A805 /* Main.storyboard in Resources */,
			);
			runOnlyForDeploymentPostprocessing = 0;
		};
		039F99E22A4C869C0077A805 /* Resources */ = {
			isa = PBXResourcesBuildPhase;
			buildActionMask = 2147483647;
			files = (
			);
			runOnlyForDeploymentPostprocessing = 0;
		};
		039F99EC2A4C869C0077A805 /* Resources */ = {
			isa = PBXResourcesBuildPhase;
			buildActionMask = 2147483647;
			files = (
			);
			runOnlyForDeploymentPostprocessing = 0;
		};
/* End PBXResourcesBuildPhase section */

/* Begin PBXSourcesBuildPhase section */
		039F99CA2A4C869A0077A805 /* Sources */ = {
			isa = PBXSourcesBuildPhase;
			buildActionMask = 2147483647;
			files = (
				039F99D62A4C869A0077A805 /* ViewController.swift in Sources */,
				039F99D22A4C869A0077A805 /* AppDelegate.swift in Sources */,
				039F99D42A4C869A0077A805 /* SceneDelegate.swift in Sources */,
			);
			runOnlyForDeploymentPostprocessing = 0;
		};
		039F99E02A4C869C0077A805 /* Sources */ = {
			isa = PBXSourcesBuildPhase;
			buildActionMask = 2147483647;
			files = (
				039F99E92A4C869C0077A805 /* Rick_MortyTestTests.swift in Sources */,
			);
			runOnlyForDeploymentPostprocessing = 0;
		};
		039F99EA2A4C869C0077A805 /* Sources */ = {
			isa = PBXSourcesBuildPhase;
			buildActionMask = 2147483647;
			files = (
				039F99F32A4C869C0077A805 /* Rick_MortyTestUITests.swift in Sources */,
				039F99F52A4C869C0077A805 /* Rick_MortyTestUITestsLaunchTests.swift in Sources */,
			);
			runOnlyForDeploymentPostprocessing = 0;
		};
/* End PBXSourcesBuildPhase section */

/* Begin PBXTargetDependency section */
		039F99E62A4C869C0077A805 /* PBXTargetDependency */ = {
			isa = PBXTargetDependency;
			target = 039F99CD2A4C869A0077A805 /* Rick&MortyTest */;
			targetProxy = 039F99E52A4C869C0077A805 /* PBXContainerItemProxy */;
		};
		039F99F02A4C869C0077A805 /* PBXTargetDependency */ = {
			isa = PBXTargetDependency;
			target = 039F99CD2A4C869A0077A805 /* Rick&MortyTest */;
			targetProxy = 039F99EF2A4C869C0077A805 /* PBXContainerItemProxy */;
		};
/* End PBXTargetDependency section */

/* Begin PBXVariantGroup section */
		039F99D72A4C869A0077A805 /* Main.storyboard */ = {
			isa = PBXVariantGroup;
			children = (
				039F99D82A4C869A0077A805 /* Base */,
			);
			name = Main.storyboard;
			sourceTree = "<group>";
		};
		039F99DC2A4C869B0077A805 /* LaunchScreen.storyboard */ = {
			isa = PBXVariantGroup;
			children = (
				039F99DD2A4C869B0077A805 /* Base */,
			);
			name = LaunchScreen.storyboard;
			sourceTree = "<group>";
		};
/* End PBXVariantGroup section */

/* Begin XCBuildConfiguration section */
		039F99F62A4C869C0077A805 /* Debug */ = {
			isa = XCBuildConfiguration;
			buildSettings = {
				ALWAYS_SEARCH_USER_PATHS = NO;
				CLANG_ANALYZER_NONNULL = YES;
				CLANG_ANALYZER_NUMBER_OBJECT_CONVERSION = YES_AGGRESSIVE;
				CLANG_CXX_LANGUAGE_STANDARD = "gnu++20";
				CLANG_ENABLE_MODULES = YES;
				CLANG_ENABLE_OBJC_ARC = YES;
				CLANG_ENABLE_OBJC_WEAK = YES;
				CLANG_WARN_BLOCK_CAPTURE_AUTORELEASING = YES;
				CLANG_WARN_BOOL_CONVERSION = YES;
				CLANG_WARN_COMMA = YES;
				CLANG_WARN_CONSTANT_CONVERSION = YES;
				CLANG_WARN_DEPRECATED_OBJC_IMPLEMENTATIONS = YES;
				CLANG_WARN_DIRECT_OBJC_ISA_USAGE = YES_ERROR;
				CLANG_WARN_DOCUMENTATION_COMMENTS = YES;
				CLANG_WARN_EMPTY_BODY = YES;
				CLANG_WARN_ENUM_CONVERSION = YES;
				CLANG_WARN_INFINITE_RECURSION = YES;
				CLANG_WARN_INT_CONVERSION = YES;
				CLANG_WARN_NON_LITERAL_NULL_CONVERSION = YES;
				CLANG_WARN_OBJC_IMPLICIT_RETAIN_SELF = YES;
				CLANG_WARN_OBJC_LITERAL_CONVERSION = YES;
				CLANG_WARN_OBJC_ROOT_CLASS = YES_ERROR;
				CLANG_WARN_QUOTED_INCLUDE_IN_FRAMEWORK_HEADER = YES;
				CLANG_WARN_RANGE_LOOP_ANALYSIS = YES;
				CLANG_WARN_STRICT_PROTOTYPES = YES;
				CLANG_WARN_SUSPICIOUS_MOVE = YES;
				CLANG_WARN_UNGUARDED_AVAILABILITY = YES_AGGRESSIVE;
				CLANG_WARN_UNREACHABLE_CODE = YES;
				CLANG_WARN__DUPLICATE_METHOD_MATCH = YES;
				COPY_PHASE_STRIP = NO;
				DEBUG_INFORMATION_FORMAT = dwarf;
				ENABLE_STRICT_OBJC_MSGSEND = YES;
				ENABLE_TESTABILITY = YES;
				GCC_C_LANGUAGE_STANDARD = gnu11;
				GCC_DYNAMIC_NO_PIC = NO;
				GCC_NO_COMMON_BLOCKS = YES;
				GCC_OPTIMIZATION_LEVEL = 0;
				GCC_PREPROCESSOR_DEFINITIONS = (
					"DEBUG=1",
					"$(inherited)",
				);
				GCC_WARN_64_TO_32_BIT_CONVERSION = YES;
				GCC_WARN_ABOUT_RETURN_TYPE = YES_ERROR;
				GCC_WARN_UNDECLARED_SELECTOR = YES;
				GCC_WARN_UNINITIALIZED_AUTOS = YES_AGGRESSIVE;
				GCC_WARN_UNUSED_FUNCTION = YES;
				GCC_WARN_UNUSED_VARIABLE = YES;
				IPHONEOS_DEPLOYMENT_TARGET = 16.2;
				MTL_ENABLE_DEBUG_INFO = INCLUDE_SOURCE;
				MTL_FAST_MATH = YES;
				ONLY_ACTIVE_ARCH = YES;
				SDKROOT = iphoneos;
				SWIFT_ACTIVE_COMPILATION_CONDITIONS = DEBUG;
				SWIFT_OPTIMIZATION_LEVEL = "-Onone";
			};
			name = Debug;
		};
		039F99F72A4C869C0077A805 /* Release */ = {
			isa = XCBuildConfiguration;
			buildSettings = {
				ALWAYS_SEARCH_USER_PATHS = NO;
				CLANG_ANALYZER_NONNULL = YES;
				CLANG_ANALYZER_NUMBER_OBJECT_CONVERSION = YES_AGGRESSIVE;
				CLANG_CXX_LANGUAGE_STANDARD = "gnu++20";
				CLANG_ENABLE_MODULES = YES;
				CLANG_ENABLE_OBJC_ARC = YES;
				CLANG_ENABLE_OBJC_WEAK = YES;
				CLANG_WARN_BLOCK_CAPTURE_AUTORELEASING = YES;
				CLANG_WARN_BOOL_CONVERSION = YES;
				CLANG_WARN_COMMA = YES;
				CLANG_WARN_CONSTANT_CONVERSION = YES;
				CLANG_WARN_DEPRECATED_OBJC_IMPLEMENTATIONS = YES;
				CLANG_WARN_DIRECT_OBJC_ISA_USAGE = YES_ERROR;
				CLANG_WARN_DOCUMENTATION_COMMENTS = YES;
				CLANG_WARN_EMPTY_BODY = YES;
				CLANG_WARN_ENUM_CONVERSION = YES;
				CLANG_WARN_INFINITE_RECURSION = YES;
				CLANG_WARN_INT_CONVERSION = YES;
				CLANG_WARN_NON_LITERAL_NULL_CONVERSION = YES;
				CLANG_WARN_OBJC_IMPLICIT_RETAIN_SELF = YES;
				CLANG_WARN_OBJC_LITERAL_CONVERSION = YES;
				CLANG_WARN_OBJC_ROOT_CLASS = YES_ERROR;
				CLANG_WARN_QUOTED_INCLUDE_IN_FRAMEWORK_HEADER = YES;
				CLANG_WARN_RANGE_LOOP_ANALYSIS = YES;
				CLANG_WARN_STRICT_PROTOTYPES = YES;
				CLANG_WARN_SUSPICIOUS_MOVE = YES;
				CLANG_WARN_UNGUARDED_AVAILABILITY = YES_AGGRESSIVE;
				CLANG_WARN_UNREACHABLE_CODE = YES;
				CLANG_WARN__DUPLICATE_METHOD_MATCH = YES;
				COPY_PHASE_STRIP = NO;
				DEBUG_INFORMATION_FORMAT = "dwarf-with-dsym";
				ENABLE_NS_ASSERTIONS = NO;
				ENABLE_STRICT_OBJC_MSGSEND = YES;
				GCC_C_LANGUAGE_STANDARD = gnu11;
				GCC_NO_COMMON_BLOCKS = YES;
				GCC_WARN_64_TO_32_BIT_CONVERSION = YES;
				GCC_WARN_ABOUT_RETURN_TYPE = YES_ERROR;
				GCC_WARN_UNDECLARED_SELECTOR = YES;
				GCC_WARN_UNINITIALIZED_AUTOS = YES_AGGRESSIVE;
				GCC_WARN_UNUSED_FUNCTION = YES;
				GCC_WARN_UNUSED_VARIABLE = YES;
				IPHONEOS_DEPLOYMENT_TARGET = 16.2;
				MTL_ENABLE_DEBUG_INFO = NO;
				MTL_FAST_MATH = YES;
				SDKROOT = iphoneos;
				SWIFT_COMPILATION_MODE = wholemodule;
				SWIFT_OPTIMIZATION_LEVEL = "-O";
				VALIDATE_PRODUCT = YES;
			};
			name = Release;
		};
		039F99F92A4C869C0077A805 /* Debug */ = {
			isa = XCBuildConfiguration;
			buildSettings = {
				ASSETCATALOG_COMPILER_APPICON_NAME = AppIcon;
				ASSETCATALOG_COMPILER_GLOBAL_ACCENT_COLOR_NAME = AccentColor;
				CODE_SIGN_STYLE = Automatic;
				CURRENT_PROJECT_VERSION = 1;
				GENERATE_INFOPLIST_FILE = YES;
				INFOPLIST_FILE = "Rick&MortyTest/Info.plist";
				INFOPLIST_KEY_UIApplicationSupportsIndirectInputEvents = YES;
				INFOPLIST_KEY_UILaunchStoryboardName = LaunchScreen;
				INFOPLIST_KEY_UIMainStoryboardFile = Main;
				INFOPLIST_KEY_UISupportedInterfaceOrientations_iPad = "UIInterfaceOrientationPortrait UIInterfaceOrientationPortraitUpsideDown UIInterfaceOrientationLandscapeLeft UIInterfaceOrientationLandscapeRight";
				INFOPLIST_KEY_UISupportedInterfaceOrientations_iPhone = "UIInterfaceOrientationPortrait UIInterfaceOrientationLandscapeLeft UIInterfaceOrientationLandscapeRight";
				LD_RUNPATH_SEARCH_PATHS = (
					"$(inherited)",
					"@executable_path/Frameworks",
				);
				MARKETING_VERSION = 1.0;
				PRODUCT_BUNDLE_IDENTIFIER = "com.luisguerra.Rick-MortyTest";
				PRODUCT_NAME = "$(TARGET_NAME)";
				SWIFT_EMIT_LOC_STRINGS = YES;
				SWIFT_VERSION = 5.0;
				TARGETED_DEVICE_FAMILY = "1,2";
			};
			name = Debug;
		};
		039F99FA2A4C869C0077A805 /* Release */ = {
			isa = XCBuildConfiguration;
			buildSettings = {
				ASSETCATALOG_COMPILER_APPICON_NAME = AppIcon;
				ASSETCATALOG_COMPILER_GLOBAL_ACCENT_COLOR_NAME = AccentColor;
				CODE_SIGN_STYLE = Automatic;
				CURRENT_PROJECT_VERSION = 1;
				GENERATE_INFOPLIST_FILE = YES;
				INFOPLIST_FILE = "Rick&MortyTest/Info.plist";
				INFOPLIST_KEY_UIApplicationSupportsIndirectInputEvents = YES;
				INFOPLIST_KEY_UILaunchStoryboardName = LaunchScreen;
				INFOPLIST_KEY_UIMainStoryboardFile = Main;
				INFOPLIST_KEY_UISupportedInterfaceOrientations_iPad = "UIInterfaceOrientationPortrait UIInterfaceOrientationPortraitUpsideDown UIInterfaceOrientationLandscapeLeft UIInterfaceOrientationLandscapeRight";
				INFOPLIST_KEY_UISupportedInterfaceOrientations_iPhone = "UIInterfaceOrientationPortrait UIInterfaceOrientationLandscapeLeft UIInterfaceOrientationLandscapeRight";
				LD_RUNPATH_SEARCH_PATHS = (
					"$(inherited)",
					"@executable_path/Frameworks",
				);
				MARKETING_VERSION = 1.0;
				PRODUCT_BUNDLE_IDENTIFIER = "com.luisguerra.Rick-MortyTest";
				PRODUCT_NAME = "$(TARGET_NAME)";
				SWIFT_EMIT_LOC_STRINGS = YES;
				SWIFT_VERSION = 5.0;
				TARGETED_DEVICE_FAMILY = "1,2";
			};
			name = Release;
		};
		039F99FC2A4C869C0077A805 /* Debug */ = {
			isa = XCBuildConfiguration;
			buildSettings = {
				ALWAYS_EMBED_SWIFT_STANDARD_LIBRARIES = YES;
				BUNDLE_LOADER = "$(TEST_HOST)";
				CODE_SIGN_STYLE = Automatic;
				CURRENT_PROJECT_VERSION = 1;
				GENERATE_INFOPLIST_FILE = YES;
				IPHONEOS_DEPLOYMENT_TARGET = 16.2;
				MARKETING_VERSION = 1.0;
				PRODUCT_BUNDLE_IDENTIFIER = "com.luisguerra.Rick-MortyTestTests";
				PRODUCT_NAME = "$(TARGET_NAME)";
				SWIFT_EMIT_LOC_STRINGS = NO;
				SWIFT_VERSION = 5.0;
				TARGETED_DEVICE_FAMILY = "1,2";
				TEST_HOST = "$(BUILT_PRODUCTS_DIR)/Rick&MortyTest.app/$(BUNDLE_EXECUTABLE_FOLDER_PATH)/Rick&MortyTest";
			};
			name = Debug;
		};
		039F99FD2A4C869C0077A805 /* Release */ = {
			isa = XCBuildConfiguration;
			buildSettings = {
				ALWAYS_EMBED_SWIFT_STANDARD_LIBRARIES = YES;
				BUNDLE_LOADER = "$(TEST_HOST)";
				CODE_SIGN_STYLE = Automatic;
				CURRENT_PROJECT_VERSION = 1;
				GENERATE_INFOPLIST_FILE = YES;
				IPHONEOS_DEPLOYMENT_TARGET = 16.2;
				MARKETING_VERSION = 1.0;
				PRODUCT_BUNDLE_IDENTIFIER = "com.luisguerra.Rick-MortyTestTests";
				PRODUCT_NAME = "$(TARGET_NAME)";
				SWIFT_EMIT_LOC_STRINGS = NO;
				SWIFT_VERSION = 5.0;
				TARGETED_DEVICE_FAMILY = "1,2";
				TEST_HOST = "$(BUILT_PRODUCTS_DIR)/Rick&MortyTest.app/$(BUNDLE_EXECUTABLE_FOLDER_PATH)/Rick&MortyTest";
			};
			name = Release;
		};
		039F99FF2A4C869C0077A805 /* Debug */ = {
			isa = XCBuildConfiguration;
			buildSettings = {
				ALWAYS_EMBED_SWIFT_STANDARD_LIBRARIES = YES;
				CODE_SIGN_STYLE = Automatic;
				CURRENT_PROJECT_VERSION = 1;
				GENERATE_INFOPLIST_FILE = YES;
				MARKETING_VERSION = 1.0;
				PRODUCT_BUNDLE_IDENTIFIER = "com.luisguerra.Rick-MortyTestUITests";
				PRODUCT_NAME = "$(TARGET_NAME)";
				SWIFT_EMIT_LOC_STRINGS = NO;
				SWIFT_VERSION = 5.0;
				TARGETED_DEVICE_FAMILY = "1,2";
				TEST_TARGET_NAME = "Rick&MortyTest";
			};
			name = Debug;
		};
		039F9A002A4C869C0077A805 /* Release */ = {
			isa = XCBuildConfiguration;
			buildSettings = {
				ALWAYS_EMBED_SWIFT_STANDARD_LIBRARIES = YES;
				CODE_SIGN_STYLE = Automatic;
				CURRENT_PROJECT_VERSION = 1;
				GENERATE_INFOPLIST_FILE = YES;
				MARKETING_VERSION = 1.0;
				PRODUCT_BUNDLE_IDENTIFIER = "com.luisguerra.Rick-MortyTestUITests";
				PRODUCT_NAME = "$(TARGET_NAME)";
				SWIFT_EMIT_LOC_STRINGS = NO;
				SWIFT_VERSION = 5.0;
				TARGETED_DEVICE_FAMILY = "1,2";
				TEST_TARGET_NAME = "Rick&MortyTest";
			};
			name = Release;
		};
/* End XCBuildConfiguration section */

/* Begin XCConfigurationList section */
		039F99C92A4C869A0077A805 /* Build configuration list for PBXProject "Rick&MortyTest" */ = {
			isa = XCConfigurationList;
			buildConfigurations = (
				039F99F62A4C869C0077A805 /* Debug */,
				039F99F72A4C869C0077A805 /* Release */,
			);
			defaultConfigurationIsVisible = 0;
			defaultConfigurationName = Release;
		};
		039F99F82A4C869C0077A805 /* Build configuration list for PBXNativeTarget "Rick&MortyTest" */ = {
			isa = XCConfigurationList;
			buildConfigurations = (
				039F99F92A4C869C0077A805 /* Debug */,
				039F99FA2A4C869C0077A805 /* Release */,
			);
			defaultConfigurationIsVisible = 0;
			defaultConfigurationName = Release;
		};
		039F99FB2A4C869C0077A805 /* Build configuration list for PBXNativeTarget "Rick&MortyTestTests" */ = {
			isa = XCConfigurationList;
			buildConfigurations = (
				039F99FC2A4C869C0077A805 /* Debug */,
				039F99FD2A4C869C0077A805 /* Release */,
			);
			defaultConfigurationIsVisible = 0;
			defaultConfigurationName = Release;
		};
		039F99FE2A4C869C0077A805 /* Build configuration list for PBXNativeTarget "Rick&MortyTestUITests" */ = {
			isa = XCConfigurationList;
			buildConfigurations = (
				039F99FF2A4C869C0077A805 /* Debug */,
				039F9A002A4C869C0077A805 /* Release */,
			);
			defaultConfigurationIsVisible = 0;
			defaultConfigurationName = Release;
		};
/* End XCConfigurationList section */
	};
	rootObject = 039F99C62A4C869A0077A805 /* Project object */;
}
